
Microsoft Visual Studio Solution File, Format Version 12.00
# Visual Studio Version 17
VisualStudioVersion = 17.10.35013.160
MinimumVisualStudioVersion = 10.0.40219.1
Project("{FAE04EC0-301F-11D3-BF4B-00C04F79EFBC}") = "JohnBPearson.Application.Common", "JohnBPearson.Application.Common.csproj", "{2844508A-F28B-4D3D-A974-AAF26291981A}"
EndProject
Global
	GlobalSection(SolutionConfigurationPlatforms) = preSolution
		Debug Designer|Any CPU = Debug Designer|Any CPU
		Debug|Any CPU = Debug|Any CPU
		Release|Any CPU = Release|Any CPU
	EndGlobalSection
	GlobalSection(ProjectConfigurationPlatforms) = postSolution
		{2844508A-F28B-4D3D-A974-AAF26291981A}.Debug Designer|Any CPU.ActiveCfg = Debug Designer|Any CPU
		{2844508A-F28B-4D3D-A974-AAF26291981A}.Debug Designer|Any CPU.Build.0 = Debug Designer|Any CPU
		{2844508A-F28B-4D3D-A974-AAF26291981A}.Debug|Any CPU.ActiveCfg = Debug|Any CPU
		{2844508A-F28B-4D3D-A974-AAF26291981A}.Debug|Any CPU.Build.0 = Debug|Any CPU
		{2844508A-F28B-4D3D-A974-AAF26291981A}.Release|Any CPU.ActiveCfg = Release|Any CPU
		{2844508A-F28B-4D3D-A974-AAF26291981A}.Release|Any CPU.Build.0 = Release|Any CPU
	EndGlobalSection
	GlobalSection(SolutionProperties) = preSolution
		HideSolutionNode = FALSE
	EndGlobalSection
	GlobalSection(ExtensibilityGlobals) = postSolution
		SolutionGuid = {C0517954-AE78-4347-BB5C-BE08CEAF4D09}
	EndGlobalSection
EndGlobal
